
Microsoft Visual Studio Solution File, Format Version 12.00
# Visual Studio Version 17
VisualStudioVersion = 17.0.32112.339
MinimumVisualStudioVersion = 10.0.40219.1
Project("{9A19103F-16F7-4668-BE54-9A1E7A4F7556}") = "M1", "..\..\src\M1\M1.csproj", "{BA5A625F-62A8-451E-9AFE-2AC1651797E2}"
EndProject
Project("{F2A71F9B-5D33-465A-A702-920D77279786}") = "M2", "..\..\src\M2\M2.fsproj", "{62CC2679-8F90-43BA-955F-4DA2EBD42924}"
EndProject
Global
	GlobalSection(SolutionConfigurationPlatforms) = preSolution
		Debug|Any CPU = Debug|Any CPU
		Release|Any CPU = Release|Any CPU
	EndGlobalSection
	GlobalSection(ProjectConfigurationPlatforms) = postSolution
		{BA5A625F-62A8-451E-9AFE-2AC1651797E2}.Debug|Any CPU.ActiveCfg = Debug|Any CPU
		{BA5A625F-62A8-451E-9AFE-2AC1651797E2}.Debug|Any CPU.Build.0 = Debug|Any CPU
		{BA5A625F-62A8-451E-9AFE-2AC1651797E2}.Release|Any CPU.ActiveCfg = Release|Any CPU
		{BA5A625F-62A8-451E-9AFE-2AC1651797E2}.Release|Any CPU.Build.0 = Release|Any CPU
		{62CC2679-8F90-43BA-955F-4DA2EBD42924}.Debug|Any CPU.ActiveCfg = Debug|Any CPU
		{62CC2679-8F90-43BA-955F-4DA2EBD42924}.Debug|Any CPU.Build.0 = Debug|Any CPU
		{62CC2679-8F90-43BA-955F-4DA2EBD42924}.Release|Any CPU.ActiveCfg = Release|Any CPU
		{62CC2679-8F90-43BA-955F-4DA2EBD42924}.Release|Any CPU.Build.0 = Release|Any CPU
	EndGlobalSection
	GlobalSection(SolutionProperties) = preSolution
		HideSolutionNode = FALSE
	EndGlobalSection
	GlobalSection(ExtensibilityGlobals) = postSolution
		SolutionGuid = {99C6D3F6-D192-4F25-8F14-21BDAA5FD6BF}
	EndGlobalSection
EndGlobal
